// !$*UTF8*$!
{
	archiveVersion = 1;
	classes = {
	};
	objectVersion = 56;
	objects = {

/* Begin PBXBuildFile section */
		FA4E971E2BB1F26F006C0F36 /* ForecastOOKApp.swift in Sources */ = {isa = PBXBuildFile; fileRef = FA4E971D2BB1F26F006C0F36 /* ForecastOOKApp.swift */; };
		FA4E97202BB1F26F006C0F36 /* WeatherView.swift in Sources */ = {isa = PBXBuildFile; fileRef = FA4E971F2BB1F26F006C0F36 /* WeatherView.swift */; };
		FA4E97222BB1F270006C0F36 /* Assets.xcassets in Resources */ = {isa = PBXBuildFile; fileRef = FA4E97212BB1F270006C0F36 /* Assets.xcassets */; };
		FA4E97252BB1F270006C0F36 /* Preview Assets.xcassets in Resources */ = {isa = PBXBuildFile; fileRef = FA4E97242BB1F270006C0F36 /* Preview Assets.xcassets */; };
		FA4E97392BB1F270006C0F36 /* ForecastOOKUITests.swift in Sources */ = {isa = PBXBuildFile; fileRef = FA4E97382BB1F270006C0F36 /* ForecastOOKUITests.swift */; };
		FA4E973B2BB1F270006C0F36 /* ForecastOOKUITestsLaunchTests.swift in Sources */ = {isa = PBXBuildFile; fileRef = FA4E973A2BB1F270006C0F36 /* ForecastOOKUITestsLaunchTests.swift */; };
		FA84E7332BB1FAF50083AEDB /* API-Keys.plist in Resources */ = {isa = PBXBuildFile; fileRef = FA84E7322BB1FAF50083AEDB /* API-Keys.plist */; };
		FA84E7382BB207C20083AEDB /* WeatherViewModel.swift in Sources */ = {isa = PBXBuildFile; fileRef = FA84E7372BB207C20083AEDB /* WeatherViewModel.swift */; };
		FA84E73B2BB20B140083AEDB /* NetworkManager.swift in Sources */ = {isa = PBXBuildFile; fileRef = FA84E73A2BB20B140083AEDB /* NetworkManager.swift */; };
		FA84E7402BB212650083AEDB /* Environment.swift in Sources */ = {isa = PBXBuildFile; fileRef = FA84E73F2BB212650083AEDB /* Environment.swift */; };
		FA84E7422BB217710083AEDB /* EnvironmentTests.swift in Sources */ = {isa = PBXBuildFile; fileRef = FA84E7412BB217710083AEDB /* EnvironmentTests.swift */; };
		FA84E7452BB219C90083AEDB /* Test-API-Keys.plist in Resources */ = {isa = PBXBuildFile; fileRef = FA84E7432BB219220083AEDB /* Test-API-Keys.plist */; };
		FA84E7472BB21BBB0083AEDB /* Localtion.swift in Sources */ = {isa = PBXBuildFile; fileRef = FA84E7462BB21BBB0083AEDB /* Localtion.swift */; };
		FA84E7492BB21D710083AEDB /* Endpoint.swift in Sources */ = {isa = PBXBuildFile; fileRef = FA84E7482BB21D710083AEDB /* Endpoint.swift */; };
		FA84E74C2BB224E40083AEDB /* Weather.swift in Sources */ = {isa = PBXBuildFile; fileRef = FA84E74B2BB224E40083AEDB /* Weather.swift */; };
		FA84E74E2BB2287D0083AEDB /* Errors.swift in Sources */ = {isa = PBXBuildFile; fileRef = FA84E74D2BB2287D0083AEDB /* Errors.swift */; };
		FAA526342BB24EBE00AE2046 /* WeatherResponse.swift in Sources */ = {isa = PBXBuildFile; fileRef = FAA526332BB24EBD00AE2046 /* WeatherResponse.swift */; };
		FAA526372BB2AA6A00AE2046 /* Temperature.swift in Sources */ = {isa = PBXBuildFile; fileRef = FAA526362BB2AA6A00AE2046 /* Temperature.swift */; };
/* End PBXBuildFile section */

/* Begin PBXContainerItemProxy section */
		FA4E972B2BB1F270006C0F36 /* PBXContainerItemProxy */ = {
			isa = PBXContainerItemProxy;
			containerPortal = FA4E97122BB1F26E006C0F36 /* Project object */;
			proxyType = 1;
			remoteGlobalIDString = FA4E97192BB1F26F006C0F36;
			remoteInfo = ForecastOOK;
		};
		FA4E97352BB1F270006C0F36 /* PBXContainerItemProxy */ = {
			isa = PBXContainerItemProxy;
			containerPortal = FA4E97122BB1F26E006C0F36 /* Project object */;
			proxyType = 1;
			remoteGlobalIDString = FA4E97192BB1F26F006C0F36;
			remoteInfo = ForecastOOK;
		};
/* End PBXContainerItemProxy section */

/* Begin PBXFileReference section */
		FA4E971A2BB1F26F006C0F36 /* ForecastOOK.app */ = {isa = PBXFileReference; explicitFileType = wrapper.application; includeInIndex = 0; path = ForecastOOK.app; sourceTree = BUILT_PRODUCTS_DIR; };
		FA4E971D2BB1F26F006C0F36 /* ForecastOOKApp.swift */ = {isa = PBXFileReference; lastKnownFileType = sourcecode.swift; path = ForecastOOKApp.swift; sourceTree = "<group>"; };
		FA4E971F2BB1F26F006C0F36 /* WeatherView.swift */ = {isa = PBXFileReference; lastKnownFileType = sourcecode.swift; path = WeatherView.swift; sourceTree = "<group>"; };
		FA4E97212BB1F270006C0F36 /* Assets.xcassets */ = {isa = PBXFileReference; lastKnownFileType = folder.assetcatalog; path = Assets.xcassets; sourceTree = "<group>"; };
		FA4E97242BB1F270006C0F36 /* Preview Assets.xcassets */ = {isa = PBXFileReference; lastKnownFileType = folder.assetcatalog; path = "Preview Assets.xcassets"; sourceTree = "<group>"; };
		FA4E972A2BB1F270006C0F36 /* ForecastOOKTests.xctest */ = {isa = PBXFileReference; explicitFileType = wrapper.cfbundle; includeInIndex = 0; path = ForecastOOKTests.xctest; sourceTree = BUILT_PRODUCTS_DIR; };
		FA4E97342BB1F270006C0F36 /* ForecastOOKUITests.xctest */ = {isa = PBXFileReference; explicitFileType = wrapper.cfbundle; includeInIndex = 0; path = ForecastOOKUITests.xctest; sourceTree = BUILT_PRODUCTS_DIR; };
		FA4E97382BB1F270006C0F36 /* ForecastOOKUITests.swift */ = {isa = PBXFileReference; lastKnownFileType = sourcecode.swift; path = ForecastOOKUITests.swift; sourceTree = "<group>"; };
		FA4E973A2BB1F270006C0F36 /* ForecastOOKUITestsLaunchTests.swift */ = {isa = PBXFileReference; lastKnownFileType = sourcecode.swift; path = ForecastOOKUITestsLaunchTests.swift; sourceTree = "<group>"; };
		FA84E7322BB1FAF50083AEDB /* API-Keys.plist */ = {isa = PBXFileReference; lastKnownFileType = text.plist.xml; path = "API-Keys.plist"; sourceTree = "<group>"; };
		FA84E7372BB207C20083AEDB /* WeatherViewModel.swift */ = {isa = PBXFileReference; lastKnownFileType = sourcecode.swift; path = WeatherViewModel.swift; sourceTree = "<group>"; };
		FA84E73A2BB20B140083AEDB /* NetworkManager.swift */ = {isa = PBXFileReference; lastKnownFileType = sourcecode.swift; path = NetworkManager.swift; sourceTree = "<group>"; };
		FA84E73F2BB212650083AEDB /* Environment.swift */ = {isa = PBXFileReference; lastKnownFileType = sourcecode.swift; path = Environment.swift; sourceTree = "<group>"; };
		FA84E7412BB217710083AEDB /* EnvironmentTests.swift */ = {isa = PBXFileReference; lastKnownFileType = sourcecode.swift; path = EnvironmentTests.swift; sourceTree = "<group>"; };
		FA84E7432BB219220083AEDB /* Test-API-Keys.plist */ = {isa = PBXFileReference; lastKnownFileType = text.plist.xml; path = "Test-API-Keys.plist"; sourceTree = "<group>"; };
		FA84E7462BB21BBB0083AEDB /* Localtion.swift */ = {isa = PBXFileReference; lastKnownFileType = sourcecode.swift; path = Localtion.swift; sourceTree = "<group>"; };
		FA84E7482BB21D710083AEDB /* Endpoint.swift */ = {isa = PBXFileReference; lastKnownFileType = sourcecode.swift; path = Endpoint.swift; sourceTree = "<group>"; };
		FA84E74B2BB224E40083AEDB /* Weather.swift */ = {isa = PBXFileReference; lastKnownFileType = sourcecode.swift; path = Weather.swift; sourceTree = "<group>"; };
		FA84E74D2BB2287D0083AEDB /* Errors.swift */ = {isa = PBXFileReference; lastKnownFileType = sourcecode.swift; path = Errors.swift; sourceTree = "<group>"; };
		FA84E74F2BB235AB0083AEDB /* Info.plist */ = {isa = PBXFileReference; lastKnownFileType = text.plist; path = Info.plist; sourceTree = "<group>"; };
		FAA526332BB24EBD00AE2046 /* WeatherResponse.swift */ = {isa = PBXFileReference; lastKnownFileType = sourcecode.swift; path = WeatherResponse.swift; sourceTree = "<group>"; };
		FAA526362BB2AA6A00AE2046 /* Temperature.swift */ = {isa = PBXFileReference; lastKnownFileType = sourcecode.swift; path = Temperature.swift; sourceTree = "<group>"; };
/* End PBXFileReference section */

/* Begin PBXFrameworksBuildPhase section */
		FA4E97172BB1F26F006C0F36 /* Frameworks */ = {
			isa = PBXFrameworksBuildPhase;
			buildActionMask = 2147483647;
			files = (
			);
			runOnlyForDeploymentPostprocessing = 0;
		};
		FA4E97272BB1F270006C0F36 /* Frameworks */ = {
			isa = PBXFrameworksBuildPhase;
			buildActionMask = 2147483647;
			files = (
			);
			runOnlyForDeploymentPostprocessing = 0;
		};
		FA4E97312BB1F270006C0F36 /* Frameworks */ = {
			isa = PBXFrameworksBuildPhase;
			buildActionMask = 2147483647;
			files = (
			);
			runOnlyForDeploymentPostprocessing = 0;
		};
/* End PBXFrameworksBuildPhase section */

/* Begin PBXGroup section */
		FA4E97112BB1F26E006C0F36 = {
			isa = PBXGroup;
			children = (
				FA4E971C2BB1F26F006C0F36 /* ForecastOOK */,
				FA4E972D2BB1F270006C0F36 /* ForecastOOKTests */,
				FA4E97372BB1F270006C0F36 /* ForecastOOKUITests */,
				FA4E971B2BB1F26F006C0F36 /* Products */,
			);
			sourceTree = "<group>";
		};
		FA4E971B2BB1F26F006C0F36 /* Products */ = {
			isa = PBXGroup;
			children = (
				FA4E971A2BB1F26F006C0F36 /* ForecastOOK.app */,
				FA4E972A2BB1F270006C0F36 /* ForecastOOKTests.xctest */,
				FA4E97342BB1F270006C0F36 /* ForecastOOKUITests.xctest */,
			);
			name = Products;
			sourceTree = "<group>";
		};
		FA4E971C2BB1F26F006C0F36 /* ForecastOOK */ = {
			isa = PBXGroup;
			children = (
				FA84E74F2BB235AB0083AEDB /* Info.plist */,
				FA84E73D2BB211EB0083AEDB /* App */,
				FA84E7392BB20AF40083AEDB /* NetworkAPI */,
				FA84E73E2BB2124E0083AEDB /* Helpers */,
				FA84E7352BB207890083AEDB /* Weather */,
				FA4E97212BB1F270006C0F36 /* Assets.xcassets */,
				FA4E97232BB1F270006C0F36 /* Preview Content */,
				FA84E73C2BB211BB0083AEDB /* Supporting Files */,
			);
			path = ForecastOOK;
			sourceTree = "<group>";
		};
		FA4E97232BB1F270006C0F36 /* Preview Content */ = {
			isa = PBXGroup;
			children = (
				FA4E97242BB1F270006C0F36 /* Preview Assets.xcassets */,
			);
			path = "Preview Content";
			sourceTree = "<group>";
		};
		FA4E972D2BB1F270006C0F36 /* ForecastOOKTests */ = {
			isa = PBXGroup;
			children = (
				FA84E7412BB217710083AEDB /* EnvironmentTests.swift */,
			);
			path = ForecastOOKTests;
			sourceTree = "<group>";
		};
		FA4E97372BB1F270006C0F36 /* ForecastOOKUITests */ = {
			isa = PBXGroup;
			children = (
				FA4E97382BB1F270006C0F36 /* ForecastOOKUITests.swift */,
				FA4E973A2BB1F270006C0F36 /* ForecastOOKUITestsLaunchTests.swift */,
			);
			path = ForecastOOKUITests;
			sourceTree = "<group>";
		};
		FA84E7342BB1FCAA0083AEDB /* View */ = {
			isa = PBXGroup;
			children = (
				FA4E971F2BB1F26F006C0F36 /* WeatherView.swift */,
			);
			path = View;
			sourceTree = "<group>";
		};
		FA84E7352BB207890083AEDB /* Weather */ = {
			isa = PBXGroup;
			children = (
				FA84E74A2BB224D70083AEDB /* Model */,
				FA84E7342BB1FCAA0083AEDB /* View */,
				FA84E7362BB207AE0083AEDB /* ViewModel */,
			);
			path = Weather;
			sourceTree = "<group>";
		};
		FA84E7362BB207AE0083AEDB /* ViewModel */ = {
			isa = PBXGroup;
			children = (
				FA84E7372BB207C20083AEDB /* WeatherViewModel.swift */,
			);
			path = ViewModel;
			sourceTree = "<group>";
		};
		FA84E7392BB20AF40083AEDB /* NetworkAPI */ = {
			isa = PBXGroup;
			children = (
				FA84E73A2BB20B140083AEDB /* NetworkManager.swift */,
				FA84E7482BB21D710083AEDB /* Endpoint.swift */,
				FA84E74D2BB2287D0083AEDB /* Errors.swift */,
			);
			path = NetworkAPI;
			sourceTree = "<group>";
		};
		FA84E73C2BB211BB0083AEDB /* Supporting Files */ = {
			isa = PBXGroup;
			children = (
				FA84E7322BB1FAF50083AEDB /* API-Keys.plist */,
				FA84E7432BB219220083AEDB /* Test-API-Keys.plist */,
			);
			path = "Supporting Files";
			sourceTree = "<group>";
		};
		FA84E73D2BB211EB0083AEDB /* App */ = {
			isa = PBXGroup;
			children = (
				FA4E971D2BB1F26F006C0F36 /* ForecastOOKApp.swift */,
			);
			path = App;
			sourceTree = "<group>";
		};
		FA84E73E2BB2124E0083AEDB /* Helpers */ = {
			isa = PBXGroup;
			children = (
				FA84E73F2BB212650083AEDB /* Environment.swift */,
				FA84E7462BB21BBB0083AEDB /* Localtion.swift */,
			);
			path = Helpers;
			sourceTree = "<group>";
		};
		FA84E74A2BB224D70083AEDB /* Model */ = {
			isa = PBXGroup;
			children = (
				FA84E74B2BB224E40083AEDB /* Weather.swift */,
				FAA526362BB2AA6A00AE2046 /* Temperature.swift */,
				FAA526352BB24EE200AE2046 /* Response */,
			);
			path = Model;
			sourceTree = "<group>";
		};
		FAA526352BB24EE200AE2046 /* Response */ = {
			isa = PBXGroup;
			children = (
				FAA526332BB24EBD00AE2046 /* WeatherResponse.swift */,
			);
			path = Response;
			sourceTree = "<group>";
		};
/* End PBXGroup section */

/* Begin PBXNativeTarget section */
		FA4E97192BB1F26F006C0F36 /* ForecastOOK */ = {
			isa = PBXNativeTarget;
			buildConfigurationList = FA4E973E2BB1F270006C0F36 /* Build configuration list for PBXNativeTarget "ForecastOOK" */;
			buildPhases = (
				FA4E97162BB1F26F006C0F36 /* Sources */,
				FA4E97172BB1F26F006C0F36 /* Frameworks */,
				FA4E97182BB1F26F006C0F36 /* Resources */,
			);
			buildRules = (
			);
			dependencies = (
			);
			name = ForecastOOK;
			productName = ForecastOOK;
			productReference = FA4E971A2BB1F26F006C0F36 /* ForecastOOK.app */;
			productType = "com.apple.product-type.application";
		};
		FA4E97292BB1F270006C0F36 /* ForecastOOKTests */ = {
			isa = PBXNativeTarget;
			buildConfigurationList = FA4E97412BB1F270006C0F36 /* Build configuration list for PBXNativeTarget "ForecastOOKTests" */;
			buildPhases = (
				FA4E97262BB1F270006C0F36 /* Sources */,
				FA4E97272BB1F270006C0F36 /* Frameworks */,
				FA4E97282BB1F270006C0F36 /* Resources */,
			);
			buildRules = (
			);
			dependencies = (
				FA4E972C2BB1F270006C0F36 /* PBXTargetDependency */,
			);
			name = ForecastOOKTests;
			productName = ForecastOOKTests;
			productReference = FA4E972A2BB1F270006C0F36 /* ForecastOOKTests.xctest */;
			productType = "com.apple.product-type.bundle.unit-test";
		};
		FA4E97332BB1F270006C0F36 /* ForecastOOKUITests */ = {
			isa = PBXNativeTarget;
			buildConfigurationList = FA4E97442BB1F270006C0F36 /* Build configuration list for PBXNativeTarget "ForecastOOKUITests" */;
			buildPhases = (
				FA4E97302BB1F270006C0F36 /* Sources */,
				FA4E97312BB1F270006C0F36 /* Frameworks */,
				FA4E97322BB1F270006C0F36 /* Resources */,
			);
			buildRules = (
			);
			dependencies = (
				FA4E97362BB1F270006C0F36 /* PBXTargetDependency */,
			);
			name = ForecastOOKUITests;
			productName = ForecastOOKUITests;
			productReference = FA4E97342BB1F270006C0F36 /* ForecastOOKUITests.xctest */;
			productType = "com.apple.product-type.bundle.ui-testing";
		};
/* End PBXNativeTarget section */

/* Begin PBXProject section */
		FA4E97122BB1F26E006C0F36 /* Project object */ = {
			isa = PBXProject;
			attributes = {
				BuildIndependentTargetsInParallel = 1;
				LastSwiftUpdateCheck = 1530;
				LastUpgradeCheck = 1530;
				TargetAttributes = {
					FA4E97192BB1F26F006C0F36 = {
						CreatedOnToolsVersion = 15.3;
					};
					FA4E97292BB1F270006C0F36 = {
						CreatedOnToolsVersion = 15.3;
						TestTargetID = FA4E97192BB1F26F006C0F36;
					};
					FA4E97332BB1F270006C0F36 = {
						CreatedOnToolsVersion = 15.3;
						TestTargetID = FA4E97192BB1F26F006C0F36;
					};
				};
			};
			buildConfigurationList = FA4E97152BB1F26E006C0F36 /* Build configuration list for PBXProject "ForecastOOK" */;
			compatibilityVersion = "Xcode 14.0";
			developmentRegion = en;
			hasScannedForEncodings = 0;
			knownRegions = (
				en,
				Base,
			);
			mainGroup = FA4E97112BB1F26E006C0F36;
			productRefGroup = FA4E971B2BB1F26F006C0F36 /* Products */;
			projectDirPath = "";
			projectRoot = "";
			targets = (
				FA4E97192BB1F26F006C0F36 /* ForecastOOK */,
				FA4E97292BB1F270006C0F36 /* ForecastOOKTests */,
				FA4E97332BB1F270006C0F36 /* ForecastOOKUITests */,
			);
		};
/* End PBXProject section */

/* Begin PBXResourcesBuildPhase section */
		FA4E97182BB1F26F006C0F36 /* Resources */ = {
			isa = PBXResourcesBuildPhase;
			buildActionMask = 2147483647;
			files = (
				FA4E97252BB1F270006C0F36 /* Preview Assets.xcassets in Resources */,
				FA84E7452BB219C90083AEDB /* Test-API-Keys.plist in Resources */,
				FA84E7332BB1FAF50083AEDB /* API-Keys.plist in Resources */,
				FA4E97222BB1F270006C0F36 /* Assets.xcassets in Resources */,
			);
			runOnlyForDeploymentPostprocessing = 0;
		};
		FA4E97282BB1F270006C0F36 /* Resources */ = {
			isa = PBXResourcesBuildPhase;
			buildActionMask = 2147483647;
			files = (
			);
			runOnlyForDeploymentPostprocessing = 0;
		};
		FA4E97322BB1F270006C0F36 /* Resources */ = {
			isa = PBXResourcesBuildPhase;
			buildActionMask = 2147483647;
			files = (
			);
			runOnlyForDeploymentPostprocessing = 0;
		};
/* End PBXResourcesBuildPhase section */

/* Begin PBXSourcesBuildPhase section */
		FA4E97162BB1F26F006C0F36 /* Sources */ = {
			isa = PBXSourcesBuildPhase;
			buildActionMask = 2147483647;
			files = (
				FA84E74C2BB224E40083AEDB /* Weather.swift in Sources */,
				FAA526342BB24EBE00AE2046 /* WeatherResponse.swift in Sources */,
				FA84E7492BB21D710083AEDB /* Endpoint.swift in Sources */,
				FA84E73B2BB20B140083AEDB /* NetworkManager.swift in Sources */,
				FA4E97202BB1F26F006C0F36 /* WeatherView.swift in Sources */,
				FA84E7382BB207C20083AEDB /* WeatherViewModel.swift in Sources */,
				FAA526372BB2AA6A00AE2046 /* Temperature.swift in Sources */,
				FA4E971E2BB1F26F006C0F36 /* ForecastOOKApp.swift in Sources */,
				FA84E7402BB212650083AEDB /* Environment.swift in Sources */,
				FA84E74E2BB2287D0083AEDB /* Errors.swift in Sources */,
				FA84E7472BB21BBB0083AEDB /* Localtion.swift in Sources */,
			);
			runOnlyForDeploymentPostprocessing = 0;
		};
		FA4E97262BB1F270006C0F36 /* Sources */ = {
			isa = PBXSourcesBuildPhase;
			buildActionMask = 2147483647;
			files = (
				FA84E7422BB217710083AEDB /* EnvironmentTests.swift in Sources */,
			);
			runOnlyForDeploymentPostprocessing = 0;
		};
		FA4E97302BB1F270006C0F36 /* Sources */ = {
			isa = PBXSourcesBuildPhase;
			buildActionMask = 2147483647;
			files = (
				FA4E97392BB1F270006C0F36 /* ForecastOOKUITests.swift in Sources */,
				FA4E973B2BB1F270006C0F36 /* ForecastOOKUITestsLaunchTests.swift in Sources */,
			);
			runOnlyForDeploymentPostprocessing = 0;
		};
/* End PBXSourcesBuildPhase section */

/* Begin PBXTargetDependency section */
		FA4E972C2BB1F270006C0F36 /* PBXTargetDependency */ = {
			isa = PBXTargetDependency;
			target = FA4E97192BB1F26F006C0F36 /* ForecastOOK */;
			targetProxy = FA4E972B2BB1F270006C0F36 /* PBXContainerItemProxy */;
		};
		FA4E97362BB1F270006C0F36 /* PBXTargetDependency */ = {
			isa = PBXTargetDependency;
			target = FA4E97192BB1F26F006C0F36 /* ForecastOOK */;
			targetProxy = FA4E97352BB1F270006C0F36 /* PBXContainerItemProxy */;
		};
/* End PBXTargetDependency section */

/* Begin XCBuildConfiguration section */
		FA4E973C2BB1F270006C0F36 /* Debug */ = {
			isa = XCBuildConfiguration;
			buildSettings = {
				ALWAYS_SEARCH_USER_PATHS = NO;
				ASSETCATALOG_COMPILER_GENERATE_SWIFT_ASSET_SYMBOL_EXTENSIONS = YES;
				CLANG_ANALYZER_NONNULL = YES;
				CLANG_ANALYZER_NUMBER_OBJECT_CONVERSION = YES_AGGRESSIVE;
				CLANG_CXX_LANGUAGE_STANDARD = "gnu++20";
				CLANG_ENABLE_MODULES = YES;
				CLANG_ENABLE_OBJC_ARC = YES;
				CLANG_ENABLE_OBJC_WEAK = YES;
				CLANG_WARN_BLOCK_CAPTURE_AUTORELEASING = YES;
				CLANG_WARN_BOOL_CONVERSION = YES;
				CLANG_WARN_COMMA = YES;
				CLANG_WARN_CONSTANT_CONVERSION = YES;
				CLANG_WARN_DEPRECATED_OBJC_IMPLEMENTATIONS = YES;
				CLANG_WARN_DIRECT_OBJC_ISA_USAGE = YES_ERROR;
				CLANG_WARN_DOCUMENTATION_COMMENTS = YES;
				CLANG_WARN_EMPTY_BODY = YES;
				CLANG_WARN_ENUM_CONVERSION = YES;
				CLANG_WARN_INFINITE_RECURSION = YES;
				CLANG_WARN_INT_CONVERSION = YES;
				CLANG_WARN_NON_LITERAL_NULL_CONVERSION = YES;
				CLANG_WARN_OBJC_IMPLICIT_RETAIN_SELF = YES;
				CLANG_WARN_OBJC_LITERAL_CONVERSION = YES;
				CLANG_WARN_OBJC_ROOT_CLASS = YES_ERROR;
				CLANG_WARN_QUOTED_INCLUDE_IN_FRAMEWORK_HEADER = YES;
				CLANG_WARN_RANGE_LOOP_ANALYSIS = YES;
				CLANG_WARN_STRICT_PROTOTYPES = YES;
				CLANG_WARN_SUSPICIOUS_MOVE = YES;
				CLANG_WARN_UNGUARDED_AVAILABILITY = YES_AGGRESSIVE;
				CLANG_WARN_UNREACHABLE_CODE = YES;
				CLANG_WARN__DUPLICATE_METHOD_MATCH = YES;
				COPY_PHASE_STRIP = NO;
				DEBUG_INFORMATION_FORMAT = dwarf;
				ENABLE_STRICT_OBJC_MSGSEND = YES;
				ENABLE_TESTABILITY = YES;
				ENABLE_USER_SCRIPT_SANDBOXING = YES;
				GCC_C_LANGUAGE_STANDARD = gnu17;
				GCC_DYNAMIC_NO_PIC = NO;
				GCC_NO_COMMON_BLOCKS = YES;
				GCC_OPTIMIZATION_LEVEL = 0;
				GCC_PREPROCESSOR_DEFINITIONS = (
					"DEBUG=1",
					"$(inherited)",
				);
				GCC_WARN_64_TO_32_BIT_CONVERSION = YES;
				GCC_WARN_ABOUT_RETURN_TYPE = YES_ERROR;
				GCC_WARN_UNDECLARED_SELECTOR = YES;
				GCC_WARN_UNINITIALIZED_AUTOS = YES_AGGRESSIVE;
				GCC_WARN_UNUSED_FUNCTION = YES;
				GCC_WARN_UNUSED_VARIABLE = YES;
				IPHONEOS_DEPLOYMENT_TARGET = 17.4;
				LOCALIZATION_PREFERS_STRING_CATALOGS = YES;
				MTL_ENABLE_DEBUG_INFO = INCLUDE_SOURCE;
				MTL_FAST_MATH = YES;
				ONLY_ACTIVE_ARCH = YES;
				SDKROOT = iphoneos;
				SWIFT_ACTIVE_COMPILATION_CONDITIONS = "DEBUG $(inherited)";
				SWIFT_OPTIMIZATION_LEVEL = "-Onone";
			};
			name = Debug;
		};
		FA4E973D2BB1F270006C0F36 /* Release */ = {
			isa = XCBuildConfiguration;
			buildSettings = {
				ALWAYS_SEARCH_USER_PATHS = NO;
				ASSETCATALOG_COMPILER_GENERATE_SWIFT_ASSET_SYMBOL_EXTENSIONS = YES;
				CLANG_ANALYZER_NONNULL = YES;
				CLANG_ANALYZER_NUMBER_OBJECT_CONVERSION = YES_AGGRESSIVE;
				CLANG_CXX_LANGUAGE_STANDARD = "gnu++20";
				CLANG_ENABLE_MODULES = YES;
				CLANG_ENABLE_OBJC_ARC = YES;
				CLANG_ENABLE_OBJC_WEAK = YES;
				CLANG_WARN_BLOCK_CAPTURE_AUTORELEASING = YES;
				CLANG_WARN_BOOL_CONVERSION = YES;
				CLANG_WARN_COMMA = YES;
				CLANG_WARN_CONSTANT_CONVERSION = YES;
				CLANG_WARN_DEPRECATED_OBJC_IMPLEMENTATIONS = YES;
				CLANG_WARN_DIRECT_OBJC_ISA_USAGE = YES_ERROR;
				CLANG_WARN_DOCUMENTATION_COMMENTS = YES;
				CLANG_WARN_EMPTY_BODY = YES;
				CLANG_WARN_ENUM_CONVERSION = YES;
				CLANG_WARN_INFINITE_RECURSION = YES;
				CLANG_WARN_INT_CONVERSION = YES;
				CLANG_WARN_NON_LITERAL_NULL_CONVERSION = YES;
				CLANG_WARN_OBJC_IMPLICIT_RETAIN_SELF = YES;
				CLANG_WARN_OBJC_LITERAL_CONVERSION = YES;
				CLANG_WARN_OBJC_ROOT_CLASS = YES_ERROR;
				CLANG_WARN_QUOTED_INCLUDE_IN_FRAMEWORK_HEADER = YES;
				CLANG_WARN_RANGE_LOOP_ANALYSIS = YES;
				CLANG_WARN_STRICT_PROTOTYPES = YES;
				CLANG_WARN_SUSPICIOUS_MOVE = YES;
				CLANG_WARN_UNGUARDED_AVAILABILITY = YES_AGGRESSIVE;
				CLANG_WARN_UNREACHABLE_CODE = YES;
				CLANG_WARN__DUPLICATE_METHOD_MATCH = YES;
				COPY_PHASE_STRIP = NO;
				DEBUG_INFORMATION_FORMAT = "dwarf-with-dsym";
				ENABLE_NS_ASSERTIONS = NO;
				ENABLE_STRICT_OBJC_MSGSEND = YES;
				ENABLE_USER_SCRIPT_SANDBOXING = YES;
				GCC_C_LANGUAGE_STANDARD = gnu17;
				GCC_NO_COMMON_BLOCKS = YES;
				GCC_WARN_64_TO_32_BIT_CONVERSION = YES;
				GCC_WARN_ABOUT_RETURN_TYPE = YES_ERROR;
				GCC_WARN_UNDECLARED_SELECTOR = YES;
				GCC_WARN_UNINITIALIZED_AUTOS = YES_AGGRESSIVE;
				GCC_WARN_UNUSED_FUNCTION = YES;
				GCC_WARN_UNUSED_VARIABLE = YES;
				IPHONEOS_DEPLOYMENT_TARGET = 17.4;
				LOCALIZATION_PREFERS_STRING_CATALOGS = YES;
				MTL_ENABLE_DEBUG_INFO = NO;
				MTL_FAST_MATH = YES;
				SDKROOT = iphoneos;
				SWIFT_COMPILATION_MODE = wholemodule;
				VALIDATE_PRODUCT = YES;
			};
			name = Release;
		};
		FA4E973F2BB1F270006C0F36 /* Debug */ = {
			isa = XCBuildConfiguration;
			buildSettings = {
				ASSETCATALOG_COMPILER_APPICON_NAME = AppIcon;
				ASSETCATALOG_COMPILER_GLOBAL_ACCENT_COLOR_NAME = AccentColor;
				CODE_SIGN_STYLE = Automatic;
				CURRENT_PROJECT_VERSION = 1;
				DEVELOPMENT_ASSET_PATHS = "\"ForecastOOK/Preview Content\"";
				DEVELOPMENT_TEAM = 98VX8WBFD6;
				ENABLE_PREVIEWS = YES;
				GENERATE_INFOPLIST_FILE = YES;
				INFOPLIST_FILE = ForecastOOK/Info.plist;
				INFOPLIST_KEY_NSLocationAlwaysAndWhenInUseUsageDescription = "We need your location to fetch weather data according to your location";
				INFOPLIST_KEY_UIApplicationSceneManifest_Generation = YES;
				INFOPLIST_KEY_UIApplicationSupportsIndirectInputEvents = YES;
				INFOPLIST_KEY_UILaunchScreen_Generation = YES;
				INFOPLIST_KEY_UISupportedInterfaceOrientations_iPad = "UIInterfaceOrientationPortrait UIInterfaceOrientationPortraitUpsideDown UIInterfaceOrientationLandscapeLeft UIInterfaceOrientationLandscapeRight";
				INFOPLIST_KEY_UISupportedInterfaceOrientations_iPhone = "UIInterfaceOrientationPortrait UIInterfaceOrientationLandscapeLeft UIInterfaceOrientationLandscapeRight";
				LD_RUNPATH_SEARCH_PATHS = (
					"$(inherited)",
					"@executable_path/Frameworks",
				);
				MARKETING_VERSION = 1.0;
				PRODUCT_BUNDLE_IDENTIFIER = com.fadeev.enduroRace.ForecastOOK;
				PRODUCT_NAME = "$(TARGET_NAME)";
				SWIFT_EMIT_LOC_STRINGS = YES;
				SWIFT_VERSION = 5.0;
				TARGETED_DEVICE_FAMILY = "1,2";
			};
			name = Debug;
		};
		FA4E97402BB1F270006C0F36 /* Release */ = {
			isa = XCBuildConfiguration;
			buildSettings = {
				ASSETCATALOG_COMPILER_APPICON_NAME = AppIcon;
				ASSETCATALOG_COMPILER_GLOBAL_ACCENT_COLOR_NAME = AccentColor;
				CODE_SIGN_STYLE = Automatic;
				CURRENT_PROJECT_VERSION = 1;
				DEVELOPMENT_ASSET_PATHS = "\"ForecastOOK/Preview Content\"";
				DEVELOPMENT_TEAM = 98VX8WBFD6;
				ENABLE_PREVIEWS = YES;
				GENERATE_INFOPLIST_FILE = YES;
				INFOPLIST_FILE = ForecastOOK/Info.plist;
				INFOPLIST_KEY_NSLocationAlwaysAndWhenInUseUsageDescription = "We need your location to fetch weather data according to your location";
				INFOPLIST_KEY_UIApplicationSceneManifest_Generation = YES;
				INFOPLIST_KEY_UIApplicationSupportsIndirectInputEvents = YES;
				INFOPLIST_KEY_UILaunchScreen_Generation = YES;
				INFOPLIST_KEY_UISupportedInterfaceOrientations_iPad = "UIInterfaceOrientationPortrait UIInterfaceOrientationPortraitUpsideDown UIInterfaceOrientationLandscapeLeft UIInterfaceOrientationLandscapeRight";
				INFOPLIST_KEY_UISupportedInterfaceOrientations_iPhone = "UIInterfaceOrientationPortrait UIInterfaceOrientationLandscapeLeft UIInterfaceOrientationLandscapeRight";
				LD_RUNPATH_SEARCH_PATHS = (
					"$(inherited)",
					"@executable_path/Frameworks",
				);
				MARKETING_VERSION = 1.0;
				PRODUCT_BUNDLE_IDENTIFIER = com.fadeev.enduroRace.ForecastOOK;
				PRODUCT_NAME = "$(TARGET_NAME)";
				SWIFT_EMIT_LOC_STRINGS = YES;
				SWIFT_VERSION = 5.0;
				TARGETED_DEVICE_FAMILY = "1,2";
			};
			name = Release;
		};
		FA4E97422BB1F270006C0F36 /* Debug */ = {
			isa = XCBuildConfiguration;
			buildSettings = {
				ALWAYS_EMBED_SWIFT_STANDARD_LIBRARIES = YES;
				BUNDLE_LOADER = "$(TEST_HOST)";
				CODE_SIGN_STYLE = Automatic;
				CURRENT_PROJECT_VERSION = 1;
				DEVELOPMENT_TEAM = 98VX8WBFD6;
				GENERATE_INFOPLIST_FILE = YES;
				IPHONEOS_DEPLOYMENT_TARGET = 17.4;
				MARKETING_VERSION = 1.0;
				PRODUCT_BUNDLE_IDENTIFIER = com.fadeev.enduroRace.ForecastOOKTests;
				PRODUCT_NAME = "$(TARGET_NAME)";
				SWIFT_EMIT_LOC_STRINGS = NO;
				SWIFT_VERSION = 5.0;
				TARGETED_DEVICE_FAMILY = "1,2";
				TEST_HOST = "$(BUILT_PRODUCTS_DIR)/ForecastOOK.app/$(BUNDLE_EXECUTABLE_FOLDER_PATH)/ForecastOOK";
			};
			name = Debug;
		};
		FA4E97432BB1F270006C0F36 /* Release */ = {
			isa = XCBuildConfiguration;
			buildSettings = {
				ALWAYS_EMBED_SWIFT_STANDARD_LIBRARIES = YES;
				BUNDLE_LOADER = "$(TEST_HOST)";
				CODE_SIGN_STYLE = Automatic;
				CURRENT_PROJECT_VERSION = 1;
				DEVELOPMENT_TEAM = 98VX8WBFD6;
				GENERATE_INFOPLIST_FILE = YES;
				IPHONEOS_DEPLOYMENT_TARGET = 17.4;
				MARKETING_VERSION = 1.0;
				PRODUCT_BUNDLE_IDENTIFIER = com.fadeev.enduroRace.ForecastOOKTests;
				PRODUCT_NAME = "$(TARGET_NAME)";
				SWIFT_EMIT_LOC_STRINGS = NO;
				SWIFT_VERSION = 5.0;
				TARGETED_DEVICE_FAMILY = "1,2";
				TEST_HOST = "$(BUILT_PRODUCTS_DIR)/ForecastOOK.app/$(BUNDLE_EXECUTABLE_FOLDER_PATH)/ForecastOOK";
			};
			name = Release;
		};
		FA4E97452BB1F270006C0F36 /* Debug */ = {
			isa = XCBuildConfiguration;
			buildSettings = {
				ALWAYS_EMBED_SWIFT_STANDARD_LIBRARIES = YES;
				CODE_SIGN_STYLE = Automatic;
				CURRENT_PROJECT_VERSION = 1;
				DEVELOPMENT_TEAM = 98VX8WBFD6;
				GENERATE_INFOPLIST_FILE = YES;
				MARKETING_VERSION = 1.0;
				PRODUCT_BUNDLE_IDENTIFIER = com.fadeev.enduroRace.ForecastOOKUITests;
				PRODUCT_NAME = "$(TARGET_NAME)";
				SWIFT_EMIT_LOC_STRINGS = NO;
				SWIFT_VERSION = 5.0;
				TARGETED_DEVICE_FAMILY = "1,2";
				TEST_TARGET_NAME = ForecastOOK;
			};
			name = Debug;
		};
		FA4E97462BB1F270006C0F36 /* Release */ = {
			isa = XCBuildConfiguration;
			buildSettings = {
				ALWAYS_EMBED_SWIFT_STANDARD_LIBRARIES = YES;
				CODE_SIGN_STYLE = Automatic;
				CURRENT_PROJECT_VERSION = 1;
				DEVELOPMENT_TEAM = 98VX8WBFD6;
				GENERATE_INFOPLIST_FILE = YES;
				MARKETING_VERSION = 1.0;
				PRODUCT_BUNDLE_IDENTIFIER = com.fadeev.enduroRace.ForecastOOKUITests;
				PRODUCT_NAME = "$(TARGET_NAME)";
				SWIFT_EMIT_LOC_STRINGS = NO;
				SWIFT_VERSION = 5.0;
				TARGETED_DEVICE_FAMILY = "1,2";
				TEST_TARGET_NAME = ForecastOOK;
			};
			name = Release;
		};
/* End XCBuildConfiguration section */

/* Begin XCConfigurationList section */
		FA4E97152BB1F26E006C0F36 /* Build configuration list for PBXProject "ForecastOOK" */ = {
			isa = XCConfigurationList;
			buildConfigurations = (
				FA4E973C2BB1F270006C0F36 /* Debug */,
				FA4E973D2BB1F270006C0F36 /* Release */,
			);
			defaultConfigurationIsVisible = 0;
			defaultConfigurationName = Release;
		};
		FA4E973E2BB1F270006C0F36 /* Build configuration list for PBXNativeTarget "ForecastOOK" */ = {
			isa = XCConfigurationList;
			buildConfigurations = (
				FA4E973F2BB1F270006C0F36 /* Debug */,
				FA4E97402BB1F270006C0F36 /* Release */,
			);
			defaultConfigurationIsVisible = 0;
			defaultConfigurationName = Release;
		};
		FA4E97412BB1F270006C0F36 /* Build configuration list for PBXNativeTarget "ForecastOOKTests" */ = {
			isa = XCConfigurationList;
			buildConfigurations = (
				FA4E97422BB1F270006C0F36 /* Debug */,
				FA4E97432BB1F270006C0F36 /* Release */,
			);
			defaultConfigurationIsVisible = 0;
			defaultConfigurationName = Release;
		};
		FA4E97442BB1F270006C0F36 /* Build configuration list for PBXNativeTarget "ForecastOOKUITests" */ = {
			isa = XCConfigurationList;
			buildConfigurations = (
				FA4E97452BB1F270006C0F36 /* Debug */,
				FA4E97462BB1F270006C0F36 /* Release */,
			);
			defaultConfigurationIsVisible = 0;
			defaultConfigurationName = Release;
		};
/* End XCConfigurationList section */
	};
	rootObject = FA4E97122BB1F26E006C0F36 /* Project object */;
}
